// !$*UTF8*$!
{
	archiveVersion = 1;
	classes = {
	};
	objectVersion = 48;
	objects = {

/* Begin PBXBuildFile section */
		D5F39A201F29D7CD004A1983 /* AppDelegate.swift in Sources */ = {isa = PBXBuildFile; fileRef = D5F39A1F1F29D7CD004A1983 /* AppDelegate.swift */; };
		D5F39A221F29D7CD004A1983 /* ViewController.swift in Sources */ = {isa = PBXBuildFile; fileRef = D5F39A211F29D7CD004A1983 /* ViewController.swift */; };
		D5F39A251F29D7CD004A1983 /* Main.storyboard in Resources */ = {isa = PBXBuildFile; fileRef = D5F39A231F29D7CD004A1983 /* Main.storyboard */; };
		D5F39A271F29D7CD004A1983 /* Assets.xcassets in Resources */ = {isa = PBXBuildFile; fileRef = D5F39A261F29D7CD004A1983 /* Assets.xcassets */; };
		D5F39A2A1F29D7CD004A1983 /* LaunchScreen.storyboard in Resources */ = {isa = PBXBuildFile; fileRef = D5F39A281F29D7CD004A1983 /* LaunchScreen.storyboard */; };
		D5F39A321F29E154004A1983 /* TCTextView.swift in Sources */ = {isa = PBXBuildFile; fileRef = D5F39A311F29E154004A1983 /* TCTextView.swift */; };
/* End PBXBuildFile section */

/* Begin PBXFileReference section */
		D5F39A1C1F29D7CD004A1983 /* TCTextView.app */ = {isa = PBXFileReference; explicitFileType = wrapper.application; includeInIndex = 0; path = TCTextView.app; sourceTree = BUILT_PRODUCTS_DIR; };
		D5F39A1F1F29D7CD004A1983 /* AppDelegate.swift */ = {isa = PBXFileReference; lastKnownFileType = sourcecode.swift; path = AppDelegate.swift; sourceTree = "<group>"; };
		D5F39A211F29D7CD004A1983 /* ViewController.swift */ = {isa = PBXFileReference; lastKnownFileType = sourcecode.swift; path = ViewController.swift; sourceTree = "<group>"; };
		D5F39A241F29D7CD004A1983 /* Base */ = {isa = PBXFileReference; lastKnownFileType = file.storyboard; name = Base; path = Base.lproj/Main.storyboard; sourceTree = "<group>"; };
		D5F39A261F29D7CD004A1983 /* Assets.xcassets */ = {isa = PBXFileReference; lastKnownFileType = folder.assetcatalog; path = Assets.xcassets; sourceTree = "<group>"; };
		D5F39A291F29D7CD004A1983 /* Base */ = {isa = PBXFileReference; lastKnownFileType = file.storyboard; name = Base; path = Base.lproj/LaunchScreen.storyboard; sourceTree = "<group>"; };
		D5F39A2B1F29D7CD004A1983 /* Info.plist */ = {isa = PBXFileReference; lastKnownFileType = text.plist.xml; path = Info.plist; sourceTree = "<group>"; };
		D5F39A311F29E154004A1983 /* TCTextView.swift */ = {isa = PBXFileReference; lastKnownFileType = sourcecode.swift; path = TCTextView.swift; sourceTree = "<group>"; };
/* End PBXFileReference section */

/* Begin PBXFrameworksBuildPhase section */
		D5F39A191F29D7CD004A1983 /* Frameworks */ = {
			isa = PBXFrameworksBuildPhase;
			buildActionMask = 2147483647;
			files = (
			);
			runOnlyForDeploymentPostprocessing = 0;
		};
/* End PBXFrameworksBuildPhase section */

/* Begin PBXGroup section */
		D5F39A131F29D7CD004A1983 = {
			isa = PBXGroup;
			children = (
				D5F39A1E1F29D7CD004A1983 /* TCTextView */,
				D5F39A1D1F29D7CD004A1983 /* Products */,
			);
			sourceTree = "<group>";
		};
		D5F39A1D1F29D7CD004A1983 /* Products */ = {
			isa = PBXGroup;
			children = (
				D5F39A1C1F29D7CD004A1983 /* TCTextView.app */,
			);
			name = Products;
			sourceTree = "<group>";
		};
		D5F39A1E1F29D7CD004A1983 /* TCTextView */ = {
			isa = PBXGroup;
			children = (
				D5F39A1F1F29D7CD004A1983 /* AppDelegate.swift */,
				D5F39A211F29D7CD004A1983 /* ViewController.swift */,
				D5F39A231F29D7CD004A1983 /* Main.storyboard */,
				D5F39A261F29D7CD004A1983 /* Assets.xcassets */,
				D5F39A281F29D7CD004A1983 /* LaunchScreen.storyboard */,
				D5F39A2B1F29D7CD004A1983 /* Info.plist */,
				D5F39A311F29E154004A1983 /* TCTextView.swift */,
			);
			path = TCTextView;
			sourceTree = "<group>";
		};
/* End PBXGroup section */

/* Begin PBXNativeTarget section */
		D5F39A1B1F29D7CD004A1983 /* TCTextView */ = {
			isa = PBXNativeTarget;
			buildConfigurationList = D5F39A2E1F29D7CD004A1983 /* Build configuration list for PBXNativeTarget "TCTextView" */;
			buildPhases = (
				D5F39A181F29D7CD004A1983 /* Sources */,
				D5F39A191F29D7CD004A1983 /* Frameworks */,
				D5F39A1A1F29D7CD004A1983 /* Resources */,
			);
			buildRules = (
			);
			dependencies = (
			);
			name = TCTextView;
			productName = TCTextView;
			productReference = D5F39A1C1F29D7CD004A1983 /* TCTextView.app */;
			productType = "com.apple.product-type.application";
		};
/* End PBXNativeTarget section */

/* Begin PBXProject section */
		D5F39A141F29D7CD004A1983 /* Project object */ = {
			isa = PBXProject;
			attributes = {
				LastSwiftUpdateCheck = 0900;
				LastUpgradeCheck = 0900;
				ORGANIZATIONNAME = "谈超";
				TargetAttributes = {
					D5F39A1B1F29D7CD004A1983 = {
						CreatedOnToolsVersion = 9.0;
					};
				};
			};
			buildConfigurationList = D5F39A171F29D7CD004A1983 /* Build configuration list for PBXProject "TCTextView" */;
			compatibilityVersion = "Xcode 8.0";
			developmentRegion = en;
			hasScannedForEncodings = 0;
			knownRegions = (
				en,
				Base,
			);
			mainGroup = D5F39A131F29D7CD004A1983;
			productRefGroup = D5F39A1D1F29D7CD004A1983 /* Products */;
			projectDirPath = "";
			projectRoot = "";
			targets = (
				D5F39A1B1F29D7CD004A1983 /* TCTextView */,
			);
		};
/* End PBXProject section */

/* Begin PBXResourcesBuildPhase section */
		D5F39A1A1F29D7CD004A1983 /* Resources */ = {
			isa = PBXResourcesBuildPhase;
			buildActionMask = 2147483647;
			files = (
				D5F39A2A1F29D7CD004A1983 /* LaunchScreen.storyboard in Resources */,
				D5F39A271F29D7CD004A1983 /* Assets.xcassets in Resources */,
				D5F39A251F29D7CD004A1983 /* Main.storyboard in Resources */,
			);
			runOnlyForDeploymentPostprocessing = 0;
		};
/* End PBXResourcesBuildPhase section */

/* Begin PBXSourcesBuildPhase section */
		D5F39A181F29D7CD004A1983 /* Sources */ = {
			isa = PBXSourcesBuildPhase;
			buildActionMask = 2147483647;
			files = (
				D5F39A321F29E154004A1983 /* TCTextView.swift in Sources */,
				D5F39A221F29D7CD004A1983 /* ViewController.swift in Sources */,
				D5F39A201F29D7CD004A1983 /* AppDelegate.swift in Sources */,
			);
			runOnlyForDeploymentPostprocessing = 0;
		};
/* End PBXSourcesBuildPhase section */

/* Begin PBXVariantGroup section */
		D5F39A231F29D7CD004A1983 /* Main.storyboard */ = {
			isa = PBXVariantGroup;
			children = (
				D5F39A241F29D7CD004A1983 /* Base */,
			);
			name = Main.storyboard;
			sourceTree = "<group>";
		};
		D5F39A281F29D7CD004A1983 /* LaunchScreen.storyboard */ = {
			isa = PBXVariantGroup;
			children = (
				D5F39A291F29D7CD004A1983 /* Base */,
			);
			name = LaunchScreen.storyboard;
			sourceTree = "<group>";
		};
/* End PBXVariantGroup section */

/* Begin XCBuildConfiguration section */
		D5F39A2C1F29D7CD004A1983 /* Debug */ = {
			isa = XCBuildConfiguration;
			buildSettings = {
				ALWAYS_SEARCH_USER_PATHS = NO;
				CLANG_ANALYZER_NONNULL = YES;
				CLANG_ANALYZER_NUMBER_OBJECT_CONVERSION = YES_AGGRESSIVE;
				CLANG_CXX_LANGUAGE_STANDARD = "gnu++14";
				CLANG_CXX_LIBRARY = "libc++";
				CLANG_ENABLE_MODULES = YES;
				CLANG_ENABLE_OBJC_ARC = YES;
				CLANG_WARN_BLOCK_CAPTURE_AUTORELEASING = YES;
				CLANG_WARN_BOOL_CONVERSION = YES;
				CLANG_WARN_COMMA = YES;
				CLANG_WARN_CONSTANT_CONVERSION = YES;
				CLANG_WARN_DIRECT_OBJC_ISA_USAGE = YES_ERROR;
				CLANG_WARN_DOCUMENTATION_COMMENTS = YES;
				CLANG_WARN_EMPTY_BODY = YES;
				CLANG_WARN_ENUM_CONVERSION = YES;
				CLANG_WARN_INFINITE_RECURSION = YES;
				CLANG_WARN_INT_CONVERSION = YES;
				CLANG_WARN_OBJC_ROOT_CLASS = YES_ERROR;
				CLANG_WARN_RANGE_LOOP_ANALYSIS = YES;
				CLANG_WARN_STRICT_PROTOTYPES = YES;
				CLANG_WARN_SUSPICIOUS_MOVE = YES;
				CLANG_WARN_UNGUARDED_AVAILABILITY = YES_AGGRESSIVE;
				CLANG_WARN_UNREACHABLE_CODE = YES;
				CLANG_WARN__DUPLICATE_METHOD_MATCH = YES;
				CODE_SIGN_IDENTITY = "iPhone Developer";
				COPY_PHASE_STRIP = NO;
				DEBUG_INFORMATION_FORMAT = dwarf;
				ENABLE_STRICT_OBJC_MSGSEND = YES;
				ENABLE_TESTABILITY = YES;
				GCC_C_LANGUAGE_STANDARD = gnu11;
				GCC_DYNAMIC_NO_PIC = NO;
				GCC_NO_COMMON_BLOCKS = YES;
				GCC_OPTIMIZATION_LEVEL = 0;
				GCC_PREPROCESSOR_DEFINITIONS = (
					"DEBUG=1",
					"$(inherited)",
				);
				GCC_WARN_64_TO_32_BIT_CONVERSION = YES;
				GCC_WARN_ABOUT_RETURN_TYPE = YES_ERROR;
				GCC_WARN_UNDECLARED_SELECTOR = YES;
				GCC_WARN_UNINITIALIZED_AUTOS = YES_AGGRESSIVE;
				GCC_WARN_UNUSED_FUNCTION = YES;
				GCC_WARN_UNUSED_VARIABLE = YES;
				IPHONEOS_DEPLOYMENT_TARGET = 11.0;
				MTL_ENABLE_DEBUG_INFO = YES;
				ONLY_ACTIVE_ARCH = YES;
				SDKROOT = iphoneos;
				SWIFT_ACTIVE_COMPILATION_CONDITIONS = DEBUG;
				SWIFT_OPTIMIZATION_LEVEL = "-Onone";
			};
			name = Debug;
		};
		D5F39A2D1F29D7CD004A1983 /* Release */ = {
			isa = XCBuildConfiguration;
			buildSettings = {
				ALWAYS_SEARCH_USER_PATHS = NO;
				CLANG_ANALYZER_NONNULL = YES;
				CLANG_ANALYZER_NUMBER_OBJECT_CONVERSION = YES_AGGRESSIVE;
				CLANG_CXX_LANGUAGE_STANDARD = "gnu++14";
				CLANG_CXX_LIBRARY = "libc++";
				CLANG_ENABLE_MODULES = YES;
				CLANG_ENABLE_OBJC_ARC = YES;
				CLANG_WARN_BLOCK_CAPTURE_AUTORELEASING = YES;
				CLANG_WARN_BOOL_CONVERSION = YES;
				CLANG_WARN_COMMA = YES;
				CLANG_WARN_CONSTANT_CONVERSION = YES;
				CLANG_WARN_DIRECT_OBJC_ISA_USAGE = YES_ERROR;
				CLANG_WARN_DOCUMENTATION_COMMENTS = YES;
				CLANG_WARN_EMPTY_BODY = YES;
				CLANG_WARN_ENUM_CONVERSION = YES;
				CLANG_WARN_INFINITE_RECURSION = YES;
				CLANG_WARN_INT_CONVERSION = YES;
				CLANG_WARN_OBJC_ROOT_CLASS = YES_ERROR;
				CLANG_WARN_RANGE_LOOP_ANALYSIS = YES;
				CLANG_WARN_STRICT_PROTOTYPES = YES;
				CLANG_WARN_SUSPICIOUS_MOVE = YES;
				CLANG_WARN_UNGUARDED_AVAILABILITY = YES_AGGRESSIVE;
				CLANG_WARN_UNREACHABLE_CODE = YES;
				CLANG_WARN__DUPLICATE_METHOD_MATCH = YES;
				CODE_SIGN_IDENTITY = "iPhone Developer";
				COPY_PHASE_STRIP = NO;
				DEBUG_INFORMATION_FORMAT = "dwarf-with-dsym";
				ENABLE_NS_ASSERTIONS = NO;
				ENABLE_STRICT_OBJC_MSGSEND = YES;
				GCC_C_LANGUAGE_STANDARD = gnu11;
				GCC_NO_COMMON_BLOCKS = YES;
				GCC_WARN_64_TO_32_BIT_CONVERSION = YES;
				GCC_WARN_ABOUT_RETURN_TYPE = YES_ERROR;
				GCC_WARN_UNDECLARED_SELECTOR = YES;
				GCC_WARN_UNINITIALIZED_AUTOS = YES_AGGRESSIVE;
				GCC_WARN_UNUSED_FUNCTION = YES;
				GCC_WARN_UNUSED_VARIABLE = YES;
				IPHONEOS_DEPLOYMENT_TARGET = 11.0;
				MTL_ENABLE_DEBUG_INFO = NO;
				SDKROOT = iphoneos;
				SWIFT_OPTIMIZATION_LEVEL = "-Owholemodule";
				VALIDATE_PRODUCT = YES;
			};
			name = Release;
		};
		D5F39A2F1F29D7CD004A1983 /* Debug */ = {
			isa = XCBuildConfiguration;
			buildSettings = {
				ASSETCATALOG_COMPILER_APPICON_NAME = AppIcon;
				INFOPLIST_FILE = TCTextView/Info.plist;
				LD_RUNPATH_SEARCH_PATHS = "$(inherited) @executable_path/Frameworks";
				PRODUCT_BUNDLE_IDENTIFIER = com.tanchao.TCTextView;
				PRODUCT_NAME = "$(TARGET_NAME)";
				SWIFT_VERSION = 4.0;
				TARGETED_DEVICE_FAMILY = "1,2";
			};
			name = Debug;
		};
		D5F39A301F29D7CD004A1983 /* Release */ = {
			isa = XCBuildConfiguration;
			buildSettings = {
				ASSETCATALOG_COMPILER_APPICON_NAME = AppIcon;
				INFOPLIST_FILE = TCTextView/Info.plist;
				LD_RUNPATH_SEARCH_PATHS = "$(inherited) @executable_path/Frameworks";
				PRODUCT_BUNDLE_IDENTIFIER = com.tanchao.TCTextView;
				PRODUCT_NAME = "$(TARGET_NAME)";
				SWIFT_VERSION = 4.0;
				TARGETED_DEVICE_FAMILY = "1,2";
			};
			name = Release;
		};
/* End XCBuildConfiguration section */

/* Begin XCConfigurationList section */
		D5F39A171F29D7CD004A1983 /* Build configuration list for PBXProject "TCTextView" */ = {
			isa = XCConfigurationList;
			buildConfigurations = (
				D5F39A2C1F29D7CD004A1983 /* Debug */,
				D5F39A2D1F29D7CD004A1983 /* Release */,
			);
			defaultConfigurationIsVisible = 0;
			defaultConfigurationName = Release;
		};
		D5F39A2E1F29D7CD004A1983 /* Build configuration list for PBXNativeTarget "TCTextView" */ = {
			isa = XCConfigurationList;
			buildConfigurations = (
				D5F39A2F1F29D7CD004A1983 /* Debug */,
				D5F39A301F29D7CD004A1983 /* Release */,
			);
			defaultConfigurationIsVisible = 0;
		};
/* End XCConfigurationList section */
	};
	rootObject = D5F39A141F29D7CD004A1983 /* Project object */;
}
